
Microsoft Visual Studio Solution File, Format Version 12.00
# Visual Studio Version 16
VisualStudioVersion = 16.0.30517.126
MinimumVisualStudioVersion = 10.0.40219.1
Project("{FAE04EC0-301F-11D3-BF4B-00C04F79EFBC}") = "Greetings", "Greetings\Greetings.csproj", "{9C50123A-FEC9-4766-8CAD-4003F2CDCA31}"
EndProject
Project("{FAE04EC0-301F-11D3-BF4B-00C04F79EFBC}") = "GreetingVs2", "GreetingVs2\GreetingVs2.csproj", "{33CA3383-FD2A-41B7-8EB2-A36D5852A63A}"
EndProject
Global
	GlobalSection(SolutionConfigurationPlatforms) = preSolution
		Debug|Any CPU = Debug|Any CPU
		Release|Any CPU = Release|Any CPU
	EndGlobalSection
	GlobalSection(ProjectConfigurationPlatforms) = postSolution
		{9C50123A-FEC9-4766-8CAD-4003F2CDCA31}.Debug|Any CPU.ActiveCfg = Debug|Any CPU
		{9C50123A-FEC9-4766-8CAD-4003F2CDCA31}.Debug|Any CPU.Build.0 = Debug|Any CPU
		{9C50123A-FEC9-4766-8CAD-4003F2CDCA31}.Release|Any CPU.ActiveCfg = Release|Any CPU
		{9C50123A-FEC9-4766-8CAD-4003F2CDCA31}.Release|Any CPU.Build.0 = Release|Any CPU
		{33CA3383-FD2A-41B7-8EB2-A36D5852A63A}.Debug|Any CPU.ActiveCfg = Debug|Any CPU
		{33CA3383-FD2A-41B7-8EB2-A36D5852A63A}.Debug|Any CPU.Build.0 = Debug|Any CPU
		{33CA3383-FD2A-41B7-8EB2-A36D5852A63A}.Release|Any CPU.ActiveCfg = Release|Any CPU
		{33CA3383-FD2A-41B7-8EB2-A36D5852A63A}.Release|Any CPU.Build.0 = Release|Any CPU
	EndGlobalSection
	GlobalSection(SolutionProperties) = preSolution
		HideSolutionNode = FALSE
	EndGlobalSection
	GlobalSection(ExtensibilityGlobals) = postSolution
		SolutionGuid = {0244214B-007E-40F3-9347-5B530C2D6F6A}
	EndGlobalSection
EndGlobal
